
Microsoft Visual Studio Solution File, Format Version 12.00
# Visual Studio Version 17
VisualStudioVersion = 17.7.34024.191
MinimumVisualStudioVersion = 10.0.40219.1
Project("{FAE04EC0-301F-11D3-BF4B-00C04F79EFBC}") = "Arcadia", "Arcadia\Arcadia.csproj", "{F392E5B2-67A0-4C9E-806E-2B548B359BA2}"
EndProject
Project("{FAE04EC0-301F-11D3-BF4B-00C04F79EFBC}") = "Yolk", "Yolk\Yolk.csproj", "{C981807A-ACB8-46B2-B648-F9D2D31DEED8}"
EndProject
Global
	GlobalSection(SolutionConfigurationPlatforms) = preSolution
		Debug|Any CPU = Debug|Any CPU
		Release|Any CPU = Release|Any CPU
	EndGlobalSection
	GlobalSection(ProjectConfigurationPlatforms) = postSolution
		{F392E5B2-67A0-4C9E-806E-2B548B359BA2}.Debug|Any CPU.ActiveCfg = Debug|Any CPU
		{F392E5B2-67A0-4C9E-806E-2B548B359BA2}.Debug|Any CPU.Build.0 = Debug|Any CPU
		{F392E5B2-67A0-4C9E-806E-2B548B359BA2}.Release|Any CPU.ActiveCfg = Release|Any CPU
		{F392E5B2-67A0-4C9E-806E-2B548B359BA2}.Release|Any CPU.Build.0 = Release|Any CPU
		{C981807A-ACB8-46B2-B648-F9D2D31DEED8}.Debug|Any CPU.ActiveCfg = Debug|Any CPU
		{C981807A-ACB8-46B2-B648-F9D2D31DEED8}.Debug|Any CPU.Build.0 = Debug|Any CPU
		{C981807A-ACB8-46B2-B648-F9D2D31DEED8}.Release|Any CPU.ActiveCfg = Release|Any CPU
		{C981807A-ACB8-46B2-B648-F9D2D31DEED8}.Release|Any CPU.Build.0 = Release|Any CPU
	EndGlobalSection
	GlobalSection(SolutionProperties) = preSolution
		HideSolutionNode = FALSE
	EndGlobalSection
	GlobalSection(ExtensibilityGlobals) = postSolution
		SolutionGuid = {78889B10-9351-49D6-8F81-5622C78D152C}
	EndGlobalSection
EndGlobal
